
Microsoft Visual Studio Solution File, Format Version 12.00
# Visual Studio Version 16
VisualStudioVersion = 16.0.29424.173
MinimumVisualStudioVersion = 10.0.40219.1
Project("{FAE04EC0-301F-11D3-BF4B-00C04F79EFBC}") = "ShareAppTest", "ShareAppTest\ShareAppTest.csproj", "{FB928F34-3A7E-4CF7-B46E-9BADF2DC55C2}"
EndProject
Global
	GlobalSection(SolutionConfigurationPlatforms) = preSolution
		Debug|Any CPU = Debug|Any CPU
		Release|Any CPU = Release|Any CPU
	EndGlobalSection
	GlobalSection(ProjectConfigurationPlatforms) = postSolution
		{FB928F34-3A7E-4CF7-B46E-9BADF2DC55C2}.Debug|Any CPU.ActiveCfg = Debug|Any CPU
		{FB928F34-3A7E-4CF7-B46E-9BADF2DC55C2}.Debug|Any CPU.Build.0 = Debug|Any CPU
		{FB928F34-3A7E-4CF7-B46E-9BADF2DC55C2}.Release|Any CPU.ActiveCfg = Release|Any CPU
		{FB928F34-3A7E-4CF7-B46E-9BADF2DC55C2}.Release|Any CPU.Build.0 = Release|Any CPU
	EndGlobalSection
	GlobalSection(SolutionProperties) = preSolution
		HideSolutionNode = FALSE
	EndGlobalSection
	GlobalSection(ExtensibilityGlobals) = postSolution
		SolutionGuid = {788A1EA0-8E69-4B10-AB2B-0F56FE04C0D1}
	EndGlobalSection
EndGlobal
